
Microsoft Visual Studio Solution File, Format Version 12.00
# Visual Studio Version 17
VisualStudioVersion = 17.4.33213.308
MinimumVisualStudioVersion = 10.0.40219.1
Project("{FAE04EC0-301F-11D3-BF4B-00C04F79EFBC}") = "MovieApp", "MovieApp.csproj", "{500E488F-EA42-4C77-BEB5-DFD2AFEC970D}"
EndProject
Global
	GlobalSection(SolutionConfigurationPlatforms) = preSolution
		Debug|Any CPU = Debug|Any CPU
		Release|Any CPU = Release|Any CPU
	EndGlobalSection
	GlobalSection(ProjectConfigurationPlatforms) = postSolution
		{500E488F-EA42-4C77-BEB5-DFD2AFEC970D}.Debug|Any CPU.ActiveCfg = Debug|Any CPU
		{500E488F-EA42-4C77-BEB5-DFD2AFEC970D}.Debug|Any CPU.Build.0 = Debug|Any CPU
		{500E488F-EA42-4C77-BEB5-DFD2AFEC970D}.Release|Any CPU.ActiveCfg = Release|Any CPU
		{500E488F-EA42-4C77-BEB5-DFD2AFEC970D}.Release|Any CPU.Build.0 = Release|Any CPU
	EndGlobalSection
	GlobalSection(SolutionProperties) = preSolution
		HideSolutionNode = FALSE
	EndGlobalSection
	GlobalSection(ExtensibilityGlobals) = postSolution
		SolutionGuid = {CC378FD9-098F-44E3-BDC6-77672838F639}
	EndGlobalSection
EndGlobal
